// !$*UTF8*$!
{
	archiveVersion = 1;
	classes = {
	};
	objectVersion = 50;
	objects = {

/* Begin PBXBuildFile section */
		40D0A1655EF8D14ABF703C9D /* Pods_Ubbie.framework in Frameworks */ = {isa = PBXBuildFile; fileRef = F1B6983A421CD53970CD6508 /* Pods_Ubbie.framework */; };
		B4E6339120C43D6400D147C0 /* AppDelegate.swift in Sources */ = {isa = PBXBuildFile; fileRef = B4E6339020C43D6400D147C0 /* AppDelegate.swift */; };
		B4E6339620C43D6400D147C0 /* Main.storyboard in Resources */ = {isa = PBXBuildFile; fileRef = B4E6339420C43D6400D147C0 /* Main.storyboard */; };
		B4E6339820C43D6600D147C0 /* Assets.xcassets in Resources */ = {isa = PBXBuildFile; fileRef = B4E6339720C43D6600D147C0 /* Assets.xcassets */; };
		B4E6339B20C43D6600D147C0 /* LaunchScreen.storyboard in Resources */ = {isa = PBXBuildFile; fileRef = B4E6339920C43D6600D147C0 /* LaunchScreen.storyboard */; };
		B4E633A620C4630600D147C0 /* gradientView.swift in Sources */ = {isa = PBXBuildFile; fileRef = B4E633A520C4630600D147C0 /* gradientView.swift */; };
		B4E633A820C465C000D147C0 /* HomeVC.swift in Sources */ = {isa = PBXBuildFile; fileRef = B4E633A720C465C000D147C0 /* HomeVC.swift */; };
		B4E633AA20C468E600D147C0 /* roundedImage.swift in Sources */ = {isa = PBXBuildFile; fileRef = B4E633A920C468E600D147C0 /* roundedImage.swift */; };
		B4E633AC20C4698300D147C0 /* roundedShadowView.swift in Sources */ = {isa = PBXBuildFile; fileRef = B4E633AB20C4698300D147C0 /* roundedShadowView.swift */; };
		B4E633AE20C46A8800D147C0 /* circleViewWithBorder.swift in Sources */ = {isa = PBXBuildFile; fileRef = B4E633AD20C46A8800D147C0 /* circleViewWithBorder.swift */; };
		B4E633B020C46C2100D147C0 /* roundedShadowButton.swift in Sources */ = {isa = PBXBuildFile; fileRef = B4E633AF20C46C2100D147C0 /* roundedShadowButton.swift */; };
		B4E633B220C488EA00D147C0 /* NavController.swift in Sources */ = {isa = PBXBuildFile; fileRef = B4E633B120C488EA00D147C0 /* NavController.swift */; };
/* End PBXBuildFile section */

/* Begin PBXFileReference section */
		6C397CAF29181DECF99B8E10 /* Pods-Ubbie.debug.xcconfig */ = {isa = PBXFileReference; includeInIndex = 1; lastKnownFileType = text.xcconfig; name = "Pods-Ubbie.debug.xcconfig"; path = "Pods/Target Support Files/Pods-Ubbie/Pods-Ubbie.debug.xcconfig"; sourceTree = "<group>"; };
		B4E6338D20C43D6400D147C0 /* Ubbie.app */ = {isa = PBXFileReference; explicitFileType = wrapper.application; includeInIndex = 0; path = Ubbie.app; sourceTree = BUILT_PRODUCTS_DIR; };
		B4E6339020C43D6400D147C0 /* AppDelegate.swift */ = {isa = PBXFileReference; lastKnownFileType = sourcecode.swift; path = AppDelegate.swift; sourceTree = "<group>"; };
		B4E6339520C43D6400D147C0 /* Base */ = {isa = PBXFileReference; lastKnownFileType = file.storyboard; name = Base; path = Base.lproj/Main.storyboard; sourceTree = "<group>"; };
		B4E6339720C43D6600D147C0 /* Assets.xcassets */ = {isa = PBXFileReference; lastKnownFileType = folder.assetcatalog; path = Assets.xcassets; sourceTree = "<group>"; };
		B4E6339A20C43D6600D147C0 /* Base */ = {isa = PBXFileReference; lastKnownFileType = file.storyboard; name = Base; path = Base.lproj/LaunchScreen.storyboard; sourceTree = "<group>"; };
		B4E6339C20C43D6600D147C0 /* Info.plist */ = {isa = PBXFileReference; lastKnownFileType = text.plist.xml; path = Info.plist; sourceTree = "<group>"; };
		B4E633A520C4630600D147C0 /* gradientView.swift */ = {isa = PBXFileReference; lastKnownFileType = sourcecode.swift; path = gradientView.swift; sourceTree = "<group>"; };
		B4E633A720C465C000D147C0 /* HomeVC.swift */ = {isa = PBXFileReference; lastKnownFileType = sourcecode.swift; path = HomeVC.swift; sourceTree = "<group>"; };
		B4E633A920C468E600D147C0 /* roundedImage.swift */ = {isa = PBXFileReference; lastKnownFileType = sourcecode.swift; path = roundedImage.swift; sourceTree = "<group>"; };
		B4E633AB20C4698300D147C0 /* roundedShadowView.swift */ = {isa = PBXFileReference; lastKnownFileType = sourcecode.swift; path = roundedShadowView.swift; sourceTree = "<group>"; };
		B4E633AD20C46A8800D147C0 /* circleViewWithBorder.swift */ = {isa = PBXFileReference; lastKnownFileType = sourcecode.swift; path = circleViewWithBorder.swift; sourceTree = "<group>"; };
		B4E633AF20C46C2100D147C0 /* roundedShadowButton.swift */ = {isa = PBXFileReference; lastKnownFileType = sourcecode.swift; path = roundedShadowButton.swift; sourceTree = "<group>"; };
		B4E633B120C488EA00D147C0 /* NavController.swift */ = {isa = PBXFileReference; lastKnownFileType = sourcecode.swift; path = NavController.swift; sourceTree = "<group>"; };
		EBE72596E62BC9CCF99D1A91 /* Pods-Ubbie.release.xcconfig */ = {isa = PBXFileReference; includeInIndex = 1; lastKnownFileType = text.xcconfig; name = "Pods-Ubbie.release.xcconfig"; path = "Pods/Target Support Files/Pods-Ubbie/Pods-Ubbie.release.xcconfig"; sourceTree = "<group>"; };
		F1B6983A421CD53970CD6508 /* Pods_Ubbie.framework */ = {isa = PBXFileReference; explicitFileType = wrapper.framework; includeInIndex = 0; path = Pods_Ubbie.framework; sourceTree = BUILT_PRODUCTS_DIR; };
/* End PBXFileReference section */

/* Begin PBXFrameworksBuildPhase section */
		B4E6338A20C43D6400D147C0 /* Frameworks */ = {
			isa = PBXFrameworksBuildPhase;
			buildActionMask = 2147483647;
			files = (
				40D0A1655EF8D14ABF703C9D /* Pods_Ubbie.framework in Frameworks */,
			);
			runOnlyForDeploymentPostprocessing = 0;
		};
/* End PBXFrameworksBuildPhase section */

/* Begin PBXGroup section */
		6C7219B4C5263DB3C05AB686 /* Pods */ = {
			isa = PBXGroup;
			children = (
				6C397CAF29181DECF99B8E10 /* Pods-Ubbie.debug.xcconfig */,
				EBE72596E62BC9CCF99D1A91 /* Pods-Ubbie.release.xcconfig */,
			);
			name = Pods;
			sourceTree = "<group>";
		};
		B4E6338420C43D6400D147C0 = {
			isa = PBXGroup;
			children = (
				B4E6338F20C43D6400D147C0 /* Ubbie */,
				B4E6338E20C43D6400D147C0 /* Products */,
				6C7219B4C5263DB3C05AB686 /* Pods */,
				EB2CDF6034FDFDC1201369D7 /* Frameworks */,
			);
			sourceTree = "<group>";
		};
		B4E6338E20C43D6400D147C0 /* Products */ = {
			isa = PBXGroup;
			children = (
				B4E6338D20C43D6400D147C0 /* Ubbie.app */,
			);
			name = Products;
			sourceTree = "<group>";
		};
		B4E6338F20C43D6400D147C0 /* Ubbie */ = {
			isa = PBXGroup;
			children = (
				B4E633A420C462F000D147C0 /* Model */,
				B4E633A320C462E200D147C0 /* view */,
				B4E633A220C462D800D147C0 /* Controller */,
				B4E6339020C43D6400D147C0 /* AppDelegate.swift */,
				B4E6339420C43D6400D147C0 /* Main.storyboard */,
				B4E6339720C43D6600D147C0 /* Assets.xcassets */,
				B4E6339920C43D6600D147C0 /* LaunchScreen.storyboard */,
				B4E6339C20C43D6600D147C0 /* Info.plist */,
			);
			path = Ubbie;
			sourceTree = "<group>";
		};
		B4E633A220C462D800D147C0 /* Controller */ = {
			isa = PBXGroup;
			children = (
				B4E633A720C465C000D147C0 /* HomeVC.swift */,
				B4E633B120C488EA00D147C0 /* NavController.swift */,
			);
			path = Controller;
			sourceTree = "<group>";
		};
		B4E633A320C462E200D147C0 /* view */ = {
			isa = PBXGroup;
			children = (
				B4E633A520C4630600D147C0 /* gradientView.swift */,
				B4E633A920C468E600D147C0 /* roundedImage.swift */,
				B4E633AB20C4698300D147C0 /* roundedShadowView.swift */,
				B4E633AD20C46A8800D147C0 /* circleViewWithBorder.swift */,
				B4E633AF20C46C2100D147C0 /* roundedShadowButton.swift */,
			);
			path = view;
			sourceTree = "<group>";
		};
		B4E633A420C462F000D147C0 /* Model */ = {
			isa = PBXGroup;
			children = (
			);
			path = Model;
			sourceTree = "<group>";
		};
		EB2CDF6034FDFDC1201369D7 /* Frameworks */ = {
			isa = PBXGroup;
			children = (
				F1B6983A421CD53970CD6508 /* Pods_Ubbie.framework */,
			);
			name = Frameworks;
			sourceTree = "<group>";
		};
/* End PBXGroup section */

/* Begin PBXNativeTarget section */
		B4E6338C20C43D6400D147C0 /* Ubbie */ = {
			isa = PBXNativeTarget;
			buildConfigurationList = B4E6339F20C43D6600D147C0 /* Build configuration list for PBXNativeTarget "Ubbie" */;
			buildPhases = (
				C40DB5D704CD05EB14921FEF /* [CP] Check Pods Manifest.lock */,
				B4E6338920C43D6400D147C0 /* Sources */,
				B4E6338A20C43D6400D147C0 /* Frameworks */,
				B4E6338B20C43D6400D147C0 /* Resources */,
				187B9140BCFF3AEF49964068 /* [CP] Embed Pods Frameworks */,
			);
			buildRules = (
			);
			dependencies = (
			);
			name = Ubbie;
			productName = Ubbie;
			productReference = B4E6338D20C43D6400D147C0 /* Ubbie.app */;
			productType = "com.apple.product-type.application";
		};
/* End PBXNativeTarget section */

/* Begin PBXProject section */
		B4E6338520C43D6400D147C0 /* Project object */ = {
			isa = PBXProject;
			attributes = {
				LastSwiftUpdateCheck = 0930;
				LastUpgradeCheck = 0930;
				ORGANIZATIONNAME = "Berkat Bhatti ";
				TargetAttributes = {
					B4E6338C20C43D6400D147C0 = {
						CreatedOnToolsVersion = 9.3.1;
					};
				};
			};
			buildConfigurationList = B4E6338820C43D6400D147C0 /* Build configuration list for PBXProject "Ubbie" */;
			compatibilityVersion = "Xcode 9.3";
			developmentRegion = en;
			hasScannedForEncodings = 0;
			knownRegions = (
				en,
				Base,
			);
			mainGroup = B4E6338420C43D6400D147C0;
			productRefGroup = B4E6338E20C43D6400D147C0 /* Products */;
			projectDirPath = "";
			projectRoot = "";
			targets = (
				B4E6338C20C43D6400D147C0 /* Ubbie */,
			);
		};
/* End PBXProject section */

/* Begin PBXResourcesBuildPhase section */
		B4E6338B20C43D6400D147C0 /* Resources */ = {
			isa = PBXResourcesBuildPhase;
			buildActionMask = 2147483647;
			files = (
				B4E6339B20C43D6600D147C0 /* LaunchScreen.storyboard in Resources */,
				B4E6339820C43D6600D147C0 /* Assets.xcassets in Resources */,
				B4E6339620C43D6400D147C0 /* Main.storyboard in Resources */,
			);
			runOnlyForDeploymentPostprocessing = 0;
		};
/* End PBXResourcesBuildPhase section */

/* Begin PBXShellScriptBuildPhase section */
		187B9140BCFF3AEF49964068 /* [CP] Embed Pods Frameworks */ = {
			isa = PBXShellScriptBuildPhase;
			buildActionMask = 2147483647;
			files = (
			);
			inputPaths = (
				"${SRCROOT}/Pods/Target Support Files/Pods-Ubbie/Pods-Ubbie-frameworks.sh",
				"${BUILT_PRODUCTS_DIR}/GTMSessionFetcher/GTMSessionFetcher.framework",
				"${BUILT_PRODUCTS_DIR}/GoogleToolboxForMac/GoogleToolboxForMac.framework",
				"${BUILT_PRODUCTS_DIR}/RevealingSplashView/RevealingSplashView.framework",
				"${BUILT_PRODUCTS_DIR}/SideMenu/SideMenu.framework",
				"${BUILT_PRODUCTS_DIR}/leveldb-library/leveldb.framework",
				"${BUILT_PRODUCTS_DIR}/nanopb/nanopb.framework",
			);
			name = "[CP] Embed Pods Frameworks";
			outputPaths = (
				"${TARGET_BUILD_DIR}/${FRAMEWORKS_FOLDER_PATH}/GTMSessionFetcher.framework",
				"${TARGET_BUILD_DIR}/${FRAMEWORKS_FOLDER_PATH}/GoogleToolboxForMac.framework",
				"${TARGET_BUILD_DIR}/${FRAMEWORKS_FOLDER_PATH}/RevealingSplashView.framework",
				"${TARGET_BUILD_DIR}/${FRAMEWORKS_FOLDER_PATH}/SideMenu.framework",
				"${TARGET_BUILD_DIR}/${FRAMEWORKS_FOLDER_PATH}/leveldb.framework",
				"${TARGET_BUILD_DIR}/${FRAMEWORKS_FOLDER_PATH}/nanopb.framework",
			);
			runOnlyForDeploymentPostprocessing = 0;
			shellPath = /bin/sh;
			shellScript = "\"${SRCROOT}/Pods/Target Support Files/Pods-Ubbie/Pods-Ubbie-frameworks.sh\"\n";
			showEnvVarsInLog = 0;
		};
		C40DB5D704CD05EB14921FEF /* [CP] Check Pods Manifest.lock */ = {
			isa = PBXShellScriptBuildPhase;
			buildActionMask = 2147483647;
			files = (
			);
			inputPaths = (
				"${PODS_PODFILE_DIR_PATH}/Podfile.lock",
				"${PODS_ROOT}/Manifest.lock",
			);
			name = "[CP] Check Pods Manifest.lock";
			outputPaths = (
				"$(DERIVED_FILE_DIR)/Pods-Ubbie-checkManifestLockResult.txt",
			);
			runOnlyForDeploymentPostprocessing = 0;
			shellPath = /bin/sh;
			shellScript = "diff \"${PODS_PODFILE_DIR_PATH}/Podfile.lock\" \"${PODS_ROOT}/Manifest.lock\" > /dev/null\nif [ $? != 0 ] ; then\n    # print error to STDERR\n    echo \"error: The sandbox is not in sync with the Podfile.lock. Run 'pod install' or update your CocoaPods installation.\" >&2\n    exit 1\nfi\n# This output is used by Xcode 'outputs' to avoid re-running this script phase.\necho \"SUCCESS\" > \"${SCRIPT_OUTPUT_FILE_0}\"\n";
			showEnvVarsInLog = 0;
		};
/* End PBXShellScriptBuildPhase section */

/* Begin PBXSourcesBuildPhase section */
		B4E6338920C43D6400D147C0 /* Sources */ = {
			isa = PBXSourcesBuildPhase;
			buildActionMask = 2147483647;
			files = (
				B4E633B020C46C2100D147C0 /* roundedShadowButton.swift in Sources */,
				B4E633AC20C4698300D147C0 /* roundedShadowView.swift in Sources */,
				B4E633A820C465C000D147C0 /* HomeVC.swift in Sources */,
				B4E633AA20C468E600D147C0 /* roundedImage.swift in Sources */,
				B4E6339120C43D6400D147C0 /* AppDelegate.swift in Sources */,
				B4E633AE20C46A8800D147C0 /* circleViewWithBorder.swift in Sources */,
				B4E633A620C4630600D147C0 /* gradientView.swift in Sources */,
				B4E633B220C488EA00D147C0 /* NavController.swift in Sources */,
			);
			runOnlyForDeploymentPostprocessing = 0;
		};
/* End PBXSourcesBuildPhase section */

/* Begin PBXVariantGroup section */
		B4E6339420C43D6400D147C0 /* Main.storyboard */ = {
			isa = PBXVariantGroup;
			children = (
				B4E6339520C43D6400D147C0 /* Base */,
			);
			name = Main.storyboard;
			sourceTree = "<group>";
		};
		B4E6339920C43D6600D147C0 /* LaunchScreen.storyboard */ = {
			isa = PBXVariantGroup;
			children = (
				B4E6339A20C43D6600D147C0 /* Base */,
			);
			name = LaunchScreen.storyboard;
			sourceTree = "<group>";
		};
/* End PBXVariantGroup section */

/* Begin XCBuildConfiguration section */
		B4E6339D20C43D6600D147C0 /* Debug */ = {
			isa = XCBuildConfiguration;
			buildSettings = {
				ALWAYS_SEARCH_USER_PATHS = NO;
				CLANG_ANALYZER_NONNULL = YES;
				CLANG_ANALYZER_NUMBER_OBJECT_CONVERSION = YES_AGGRESSIVE;
				CLANG_CXX_LANGUAGE_STANDARD = "gnu++14";
				CLANG_CXX_LIBRARY = "libc++";
				CLANG_ENABLE_MODULES = YES;
				CLANG_ENABLE_OBJC_ARC = YES;
				CLANG_ENABLE_OBJC_WEAK = YES;
				CLANG_WARN_BLOCK_CAPTURE_AUTORELEASING = YES;
				CLANG_WARN_BOOL_CONVERSION = YES;
				CLANG_WARN_COMMA = YES;
				CLANG_WARN_CONSTANT_CONVERSION = YES;
				CLANG_WARN_DEPRECATED_OBJC_IMPLEMENTATIONS = YES;
				CLANG_WARN_DIRECT_OBJC_ISA_USAGE = YES_ERROR;
				CLANG_WARN_DOCUMENTATION_COMMENTS = YES;
				CLANG_WARN_EMPTY_BODY = YES;
				CLANG_WARN_ENUM_CONVERSION = YES;
				CLANG_WARN_INFINITE_RECURSION = YES;
				CLANG_WARN_INT_CONVERSION = YES;
				CLANG_WARN_NON_LITERAL_NULL_CONVERSION = YES;
				CLANG_WARN_OBJC_IMPLICIT_RETAIN_SELF = YES;
				CLANG_WARN_OBJC_LITERAL_CONVERSION = YES;
				CLANG_WARN_OBJC_ROOT_CLASS = YES_ERROR;
				CLANG_WARN_RANGE_LOOP_ANALYSIS = YES;
				CLANG_WARN_STRICT_PROTOTYPES = YES;
				CLANG_WARN_SUSPICIOUS_MOVE = YES;
				CLANG_WARN_UNGUARDED_AVAILABILITY = YES_AGGRESSIVE;
				CLANG_WARN_UNREACHABLE_CODE = YES;
				CLANG_WARN__DUPLICATE_METHOD_MATCH = YES;
				CODE_SIGN_IDENTITY = "iPhone Developer";
				COPY_PHASE_STRIP = NO;
				DEBUG_INFORMATION_FORMAT = dwarf;
				ENABLE_STRICT_OBJC_MSGSEND = YES;
				ENABLE_TESTABILITY = YES;
				GCC_C_LANGUAGE_STANDARD = gnu11;
				GCC_DYNAMIC_NO_PIC = NO;
				GCC_NO_COMMON_BLOCKS = YES;
				GCC_OPTIMIZATION_LEVEL = 0;
				GCC_PREPROCESSOR_DEFINITIONS = (
					"DEBUG=1",
					"$(inherited)",
				);
				GCC_WARN_64_TO_32_BIT_CONVERSION = YES;
				GCC_WARN_ABOUT_RETURN_TYPE = YES_ERROR;
				GCC_WARN_UNDECLARED_SELECTOR = YES;
				GCC_WARN_UNINITIALIZED_AUTOS = YES_AGGRESSIVE;
				GCC_WARN_UNUSED_FUNCTION = YES;
				GCC_WARN_UNUSED_VARIABLE = YES;
				IPHONEOS_DEPLOYMENT_TARGET = 11.3;
				MTL_ENABLE_DEBUG_INFO = YES;
				ONLY_ACTIVE_ARCH = YES;
				SDKROOT = iphoneos;
				SWIFT_ACTIVE_COMPILATION_CONDITIONS = DEBUG;
				SWIFT_OPTIMIZATION_LEVEL = "-Onone";
			};
			name = Debug;
		};
		B4E6339E20C43D6600D147C0 /* Release */ = {
			isa = XCBuildConfiguration;
			buildSettings = {
				ALWAYS_SEARCH_USER_PATHS = NO;
				CLANG_ANALYZER_NONNULL = YES;
				CLANG_ANALYZER_NUMBER_OBJECT_CONVERSION = YES_AGGRESSIVE;
				CLANG_CXX_LANGUAGE_STANDARD = "gnu++14";
				CLANG_CXX_LIBRARY = "libc++";
				CLANG_ENABLE_MODULES = YES;
				CLANG_ENABLE_OBJC_ARC = YES;
				CLANG_ENABLE_OBJC_WEAK = YES;
				CLANG_WARN_BLOCK_CAPTURE_AUTORELEASING = YES;
				CLANG_WARN_BOOL_CONVERSION = YES;
				CLANG_WARN_COMMA = YES;
				CLANG_WARN_CONSTANT_CONVERSION = YES;
				CLANG_WARN_DEPRECATED_OBJC_IMPLEMENTATIONS = YES;
				CLANG_WARN_DIRECT_OBJC_ISA_USAGE = YES_ERROR;
				CLANG_WARN_DOCUMENTATION_COMMENTS = YES;
				CLANG_WARN_EMPTY_BODY = YES;
				CLANG_WARN_ENUM_CONVERSION = YES;
				CLANG_WARN_INFINITE_RECURSION = YES;
				CLANG_WARN_INT_CONVERSION = YES;
				CLANG_WARN_NON_LITERAL_NULL_CONVERSION = YES;
				CLANG_WARN_OBJC_IMPLICIT_RETAIN_SELF = YES;
				CLANG_WARN_OBJC_LITERAL_CONVERSION = YES;
				CLANG_WARN_OBJC_ROOT_CLASS = YES_ERROR;
				CLANG_WARN_RANGE_LOOP_ANALYSIS = YES;
				CLANG_WARN_STRICT_PROTOTYPES = YES;
				CLANG_WARN_SUSPICIOUS_MOVE = YES;
				CLANG_WARN_UNGUARDED_AVAILABILITY = YES_AGGRESSIVE;
				CLANG_WARN_UNREACHABLE_CODE = YES;
				CLANG_WARN__DUPLICATE_METHOD_MATCH = YES;
				CODE_SIGN_IDENTITY = "iPhone Developer";
				COPY_PHASE_STRIP = NO;
				DEBUG_INFORMATION_FORMAT = "dwarf-with-dsym";
				ENABLE_NS_ASSERTIONS = NO;
				ENABLE_STRICT_OBJC_MSGSEND = YES;
				GCC_C_LANGUAGE_STANDARD = gnu11;
				GCC_NO_COMMON_BLOCKS = YES;
				GCC_WARN_64_TO_32_BIT_CONVERSION = YES;
				GCC_WARN_ABOUT_RETURN_TYPE = YES_ERROR;
				GCC_WARN_UNDECLARED_SELECTOR = YES;
				GCC_WARN_UNINITIALIZED_AUTOS = YES_AGGRESSIVE;
				GCC_WARN_UNUSED_FUNCTION = YES;
				GCC_WARN_UNUSED_VARIABLE = YES;
				IPHONEOS_DEPLOYMENT_TARGET = 11.3;
				MTL_ENABLE_DEBUG_INFO = NO;
				SDKROOT = iphoneos;
				SWIFT_COMPILATION_MODE = wholemodule;
				SWIFT_OPTIMIZATION_LEVEL = "-O";
				VALIDATE_PRODUCT = YES;
			};
			name = Release;
		};
		B4E633A020C43D6600D147C0 /* Debug */ = {
			isa = XCBuildConfiguration;
			baseConfigurationReference = 6C397CAF29181DECF99B8E10 /* Pods-Ubbie.debug.xcconfig */;
			buildSettings = {
				ASSETCATALOG_COMPILER_APPICON_NAME = AppIcon;
				CODE_SIGN_STYLE = Automatic;
				DEVELOPMENT_TEAM = 92BBSY6F64;
				INFOPLIST_FILE = Ubbie/Info.plist;
				IPHONEOS_DEPLOYMENT_TARGET = 11.0;
				LD_RUNPATH_SEARCH_PATHS = (
					"$(inherited)",
					"@executable_path/Frameworks",
				);
				PRODUCT_BUNDLE_IDENTIFIER = com.Ubbie.Ubbie;
				PRODUCT_NAME = "$(TARGET_NAME)";
				SWIFT_VERSION = 4.0;
				TARGETED_DEVICE_FAMILY = "1,2";
			};
			name = Debug;
		};
		B4E633A120C43D6600D147C0 /* Release */ = {
			isa = XCBuildConfiguration;
			baseConfigurationReference = EBE72596E62BC9CCF99D1A91 /* Pods-Ubbie.release.xcconfig */;
			buildSettings = {
				ASSETCATALOG_COMPILER_APPICON_NAME = AppIcon;
				CODE_SIGN_STYLE = Automatic;
				DEVELOPMENT_TEAM = 92BBSY6F64;
				INFOPLIST_FILE = Ubbie/Info.plist;
				IPHONEOS_DEPLOYMENT_TARGET = 11.0;
				LD_RUNPATH_SEARCH_PATHS = (
					"$(inherited)",
					"@executable_path/Frameworks",
				);
				PRODUCT_BUNDLE_IDENTIFIER = com.Ubbie.Ubbie;
				PRODUCT_NAME = "$(TARGET_NAME)";
				SWIFT_VERSION = 4.0;
				TARGETED_DEVICE_FAMILY = "1,2";
			};
			name = Release;
		};
/* End XCBuildConfiguration section */

/* Begin XCConfigurationList section */
		B4E6338820C43D6400D147C0 /* Build configuration list for PBXProject "Ubbie" */ = {
			isa = XCConfigurationList;
			buildConfigurations = (
				B4E6339D20C43D6600D147C0 /* Debug */,
				B4E6339E20C43D6600D147C0 /* Release */,
			);
			defaultConfigurationIsVisible = 0;
			defaultConfigurationName = Release;
		};
		B4E6339F20C43D6600D147C0 /* Build configuration list for PBXNativeTarget "Ubbie" */ = {
			isa = XCConfigurationList;
			buildConfigurations = (
				B4E633A020C43D6600D147C0 /* Debug */,
				B4E633A120C43D6600D147C0 /* Release */,
			);
			defaultConfigurationIsVisible = 0;
			defaultConfigurationName = Release;
		};
/* End XCConfigurationList section */
	};
	rootObject = B4E6338520C43D6400D147C0 /* Project object */;
}
